{
  "version": 4,
  "terraform_version": "1.3.9",
  "serial": 5,
  "lineage": "1fcc6bdd-0779-516d-ec5f-fc2012474554",
  "outputs": {
    "kubernetes_cluster_host": {
      "value": "35.246.114.17",
      "type": "string"
    },
    "kubernetes_cluster_name": {
      "value": "k8sproject-378311-gke",
      "type": "string"
    },
    "project_id": {
      "value": "k8sproject-378311",
      "type": "string"
    },
    "region": {
      "value": "europe-west2",
      "type": "string"
    }
  },
  "resources": [
    {
      "mode": "managed",
      "type": "google_compute_network",
      "name": "vpc",
      "provider": "provider[\"registry.terraform.io/hashicorp/google\"]",
      "instances": [
        {
          "schema_version": 0,
          "attributes": {
            "auto_create_subnetworks": false,
            "delete_default_routes_on_create": false,
            "description": "",
            "enable_ula_internal_ipv6": false,
            "gateway_ipv4": "",
            "id": "projects/k8sproject-378311/global/networks/k8sproject-378311-vpc",
            "internal_ipv6_range": "",
            "mtu": 0,
            "name": "k8sproject-378311-vpc",
            "project": "k8sproject-378311",
            "routing_mode": "REGIONAL",
            "self_link": "https://www.googleapis.com/compute/v1/projects/k8sproject-378311/global/networks/k8sproject-378311-vpc",
            "timeouts": null
          },
          "sensitive_attributes": [],
          "private": "eyJlMmJmYjczMC1lY2FhLTExZTYtOGY4OC0zNDM2M2JjN2M0YzAiOnsiY3JlYXRlIjoxMjAwMDAwMDAwMDAwLCJkZWxldGUiOjEyMDAwMDAwMDAwMDAsInVwZGF0ZSI6MTIwMDAwMDAwMDAwMH19"
        }
      ]
    },
    {
      "mode": "managed",
      "type": "google_compute_subnetwork",
      "name": "subnet",
      "provider": "provider[\"registry.terraform.io/hashicorp/google\"]",
      "instances": [
        {
          "schema_version": 0,
          "attributes": {
            "creation_timestamp": "2023-03-06T12:54:57.761-08:00",
            "description": "",
            "external_ipv6_prefix": "",
            "fingerprint": null,
            "gateway_address": "10.10.0.1",
            "id": "projects/k8sproject-378311/regions/europe-west2/subnetworks/k8sproject-378311-subnet",
            "ip_cidr_range": "10.10.0.0/24",
            "ipv6_access_type": "",
            "ipv6_cidr_range": "",
            "log_config": [],
            "name": "k8sproject-378311-subnet",
            "network": "https://www.googleapis.com/compute/v1/projects/k8sproject-378311/global/networks/k8sproject-378311-vpc",
            "private_ip_google_access": false,
            "private_ipv6_google_access": "DISABLE_GOOGLE_ACCESS",
            "project": "k8sproject-378311",
            "purpose": "PRIVATE",
            "region": "europe-west2",
            "role": "",
            "secondary_ip_range": [],
            "self_link": "https://www.googleapis.com/compute/v1/projects/k8sproject-378311/regions/europe-west2/subnetworks/k8sproject-378311-subnet",
            "stack_type": "IPV4_ONLY",
            "timeouts": null
          },
          "sensitive_attributes": [],
          "private": "eyJlMmJmYjczMC1lY2FhLTExZTYtOGY4OC0zNDM2M2JjN2M0YzAiOnsiY3JlYXRlIjoxMjAwMDAwMDAwMDAwLCJkZWxldGUiOjEyMDAwMDAwMDAwMDAsInVwZGF0ZSI6MTIwMDAwMDAwMDAwMH19",
          "dependencies": [
            "google_compute_network.vpc"
          ]
        }
      ]
    },
    {
      "mode": "managed",
      "type": "google_container_cluster",
      "name": "primary",
      "provider": "provider[\"registry.terraform.io/hashicorp/google\"]",
      "instances": [
        {
          "schema_version": 1,
          "attributes": {
            "addons_config": [
              {
                "cloudrun_config": [],
                "gcp_filestore_csi_driver_config": [],
                "horizontal_pod_autoscaling": [],
                "http_load_balancing": [],
                "network_policy_config": [
                  {
                    "disabled": true
                  }
                ]
              }
            ],
            "authenticator_groups_config": [],
            "cluster_autoscaling": [
              {
                "auto_provisioning_defaults": [],
                "enabled": false,
                "resource_limits": []
              }
            ],
            "cluster_ipv4_cidr": "10.12.0.0/14",
            "confidential_nodes": [],
            "database_encryption": [
              {
                "key_name": "",
                "state": "DECRYPTED"
              }
            ],
            "datapath_provider": "",
            "default_max_pods_per_node": null,
            "default_snat_status": [
              {
                "disabled": false
              }
            ],
            "description": "",
            "dns_config": [],
            "enable_autopilot": false,
            "enable_binary_authorization": false,
            "enable_intranode_visibility": false,
            "enable_kubernetes_alpha": false,
            "enable_legacy_abac": false,
            "enable_shielded_nodes": true,
            "enable_tpu": false,
            "endpoint": "35.246.114.17",
            "id": "projects/k8sproject-378311/locations/europe-west2/clusters/k8sproject-378311-gke",
            "initial_node_count": 1,
            "ip_allocation_policy": [],
            "label_fingerprint": "a9dc16a7",
            "location": "europe-west2",
            "logging_config": [
              {
                "enable_components": [
                  "SYSTEM_COMPONENTS",
                  "WORKLOADS"
                ]
              }
            ],
            "logging_service": "logging.googleapis.com/kubernetes",
            "maintenance_policy": [],
            "master_auth": [
              {
                "client_certificate": "",
                "client_certificate_config": [
                  {
                    "issue_client_certificate": false
                  }
                ],
                "client_key": "",
                "cluster_ca_certificate": "LS0tLS1CRUdJTiBDRVJUSUZJQ0FURS0tLS0tCk1JSUVMVENDQXBXZ0F3SUJBZ0lSQUthSW9jSXA5QTdtKzNIT2k3UUpmaDh3RFFZSktvWklodmNOQVFFTEJRQXcKTHpFdE1Dc0dBMVVFQXhNa09UZzNOemcyTmpNdFpUTm1NUzAwWTJNeUxUbGhaV0V0TUdNeU1tVTFZV0V6TldNeQpNQ0FYRFRJek1ETXdOakU1TlRVeE9Wb1lEekl3TlRNd01qSTJNakExTlRFNVdqQXZNUzB3S3dZRFZRUURFeVE1Ck9EYzNPRFkyTXkxbE0yWXhMVFJqWXpJdE9XRmxZUzB3WXpJeVpUVmhZVE0xWXpJd2dnR2lNQTBHQ1NxR1NJYjMKRFFFQkFRVUFBNElCandBd2dnR0tBb0lCZ1FDeDFZVDZBRU1YbFVTeVlabThhWWozc2NJRi9uWmlIODh5eW1aegovR1JLcnFHWTBTTHZDazVjZ2NpZjkyTDNzSlVTVHVhMTZqblhyOGcrS1BXOUp5VnFHMm1uaWNTZnc3ZWhCT1hlCm5od1ExaFVVR1RSUEg1Y3hHT0sxNHlMejB5ZEQzbDR0T1RYSDliNVplQnY2aFhhSGFkbzV2VGx3L2pTaU1NU0UKNEtCMUtzYjdnWVRZSmwyUlJoUDJTeThNQVNPaVRnOFJCWUEwd3V6WHpYd0gyR2xRTHp5SWJCWEZxTlFOY2ZuZwpwUXlDQ3VIZVBhK1BRZnhvazFIV0Y1OS94eXFWZ2E0U21pd2NuWnBRM2o1MXZZcnpTNHJISHlGeGEwL25ieDJKCmY1Z2ZlVDVibDFxQkpOaDVhRlNiSTJUazNQWFFZRnRXWGZuSUt1QXZXbWljelpvcWUvU0ZwY1JJWS9UOWQwU3MKVXZlSktIMlRqZmQ0V3pJVk1RUzZFL1pKT2VDSmtNbVBJQnNrV1EyTTc3TVQ4UlQzVDNaRG0zR0FjWU5zNlJ5egpYT3JjSjBqMG1MYUtlSXBBNUdFeGlSTGxTRTc1SHdNYzVaK3NxVTdUOE11U0Y3eXRwamsxMlJjcUlVSnR3UTFQCmxzbkFpT3RDTHJlSG5kMnhHZjBFeEFIWkpsVUNBd0VBQWFOQ01FQXdEZ1lEVlIwUEFRSC9CQVFEQWdJRU1BOEcKQTFVZEV3RUIvd1FGTUFNQkFmOHdIUVlEVlIwT0JCWUVGRjNlcTcvNkpGL1hpTjZRTzFFaGYyWWR2bjNxTUEwRwpDU3FHU0liM0RRRUJDd1VBQTRJQmdRQXp2N0VIQ0VLejMvc21lbE90aHA4QVhMb0J3QjQ5bkNITEJBWjFPOFAzCk9odG03REZsd0tDNGlnTkc2VjFRejkxVGlDd1JkQTVvejdBWGU3aEM4bERWMnZ5cDY2NzFCWjdjR293bFNrQlMKS3NBY0VNMkt3VC8wb0NsdWprK3FGSDMwdU5uRWc1MzR5VEpMVVZzejMxYzdHenNoZU53TkdkSWFTRGU4UEJaQgorTGx1SEFxSFlxUWEyaUFNdnJFM3BET0E2VldpMndwdWlra29ROFBpSnQxVlJyVmNiMy9FRXVkS1BUZnRYdStiCjN2cks1Nk1xMElYWVBtanV6clo5ZjBwb1lCTXlLaU53a3VtSkQwUisxdFltdThSTDg3YmpvMnJvNjhBTUlVa1oKMG1QdVNsN1Y4Ump4MkFDZUZjZUkxY2V5c0tMMFVWTkpOSXcxQktXZThMZFl6RTdHVmFGWmo3VjZMMU1zTjVPRgozeEpUNGg1bHh5YnRwVHhhVFR5eThhQndmUkt6SkZxTUh3TXgrN3I3OTZ5RGt6MnllSng1TmZrOU9xWEUrWllOClc0dkUzMjRscmZxZndSUUpqRUJoNmlRWXBmaFFMTlFyaUdnaGNvYStLekVUYUE2NnlpdFdkYmhNM1ovby9MMHcKQUU2YzZwc3JRTDNMQ0lsOVlBckFZK0U9Ci0tLS0tRU5EIENFUlRJRklDQVRFLS0tLS0K"
              }
            ],
            "master_authorized_networks_config": [],
            "master_version": "1.24.9-gke.3200",
            "min_master_version": null,
            "monitoring_config": [
              {
                "enable_components": [
                  "SYSTEM_COMPONENTS"
                ]
              }
            ],
            "monitoring_service": "monitoring.googleapis.com/kubernetes",
            "name": "k8sproject-378311-gke",
            "network": "projects/k8sproject-378311/global/networks/k8sproject-378311-vpc",
            "network_policy": [
              {
                "enabled": false,
                "provider": "PROVIDER_UNSPECIFIED"
              }
            ],
            "networking_mode": "ROUTES",
            "node_config": [],
            "node_locations": [
              "europe-west2-a",
              "europe-west2-b",
              "europe-west2-c"
            ],
            "node_pool": [],
            "node_version": "1.24.9-gke.3200",
            "operation": null,
            "private_cluster_config": [
              {
                "enable_private_endpoint": false,
                "enable_private_nodes": false,
                "master_global_access_config": [
                  {
                    "enabled": false
                  }
                ],
                "master_ipv4_cidr_block": "",
                "peering_name": "",
                "private_endpoint": "10.10.0.2",
                "public_endpoint": "35.246.114.17"
              }
            ],
            "private_ipv6_google_access": "",
            "project": "k8sproject-378311",
            "release_channel": [
              {
                "channel": "REGULAR"
              }
            ],
            "remove_default_node_pool": true,
            "resource_labels": null,
            "resource_usage_export_config": [],
            "self_link": "https://container.googleapis.com/v1/projects/k8sproject-378311/locations/europe-west2/clusters/k8sproject-378311-gke",
            "services_ipv4_cidr": "10.15.240.0/20",
            "subnetwork": "projects/k8sproject-378311/regions/europe-west2/subnetworks/k8sproject-378311-subnet",
            "timeouts": null,
            "tpu_ipv4_cidr_block": "",
            "vertical_pod_autoscaling": [],
            "workload_identity_config": []
          },
          "sensitive_attributes": [],
          "private": "eyJlMmJmYjczMC1lY2FhLTExZTYtOGY4OC0zNDM2M2JjN2M0YzAiOnsiY3JlYXRlIjoyNDAwMDAwMDAwMDAwLCJkZWxldGUiOjI0MDAwMDAwMDAwMDAsInJlYWQiOjI0MDAwMDAwMDAwMDAsInVwZGF0ZSI6MzYwMDAwMDAwMDAwMH0sInNjaGVtYV92ZXJzaW9uIjoiMSJ9",
          "dependencies": [
            "google_compute_network.vpc",
            "google_compute_subnetwork.subnet"
          ]
        }
      ]
    },
    {
      "mode": "managed",
      "type": "google_container_node_pool",
      "name": "primary_nodes",
      "provider": "provider[\"registry.terraform.io/hashicorp/google\"]",
      "instances": [
        {
          "status": "tainted",
          "schema_version": 1,
          "attributes": {
            "autoscaling": [],
            "cluster": "k8sproject-378311-gke",
            "id": "projects/k8sproject-378311/locations/europe-west2/clusters/k8sproject-378311-gke/nodePools/k8sproject-378311-gke",
            "initial_node_count": null,
            "instance_group_urls": null,
            "location": "europe-west2",
            "managed_instance_group_urls": null,
            "management": null,
            "max_pods_per_node": null,
            "name": "k8sproject-378311-gke",
            "name_prefix": null,
            "node_config": [
              {
                "boot_disk_kms_key": "",
                "disk_size_gb": 0,
                "disk_type": "",
                "gcfs_config": [],
                "guest_accelerator": [],
                "gvnic": [],
                "image_type": "",
                "labels": {
                  "env": "k8sproject-378311"
                },
                "local_ssd_count": 0,
                "machine_type": "n1-standard-1",
                "metadata": {
                  "disable-legacy-endpoints": "true"
                },
                "min_cpu_platform": "",
                "node_group": "",
                "oauth_scopes": [
                  "https://www.googleapis.com/auth/logging.write",
                  "https://www.googleapis.com/auth/monitoring"
                ],
                "preemptible": false,
                "service_account": "",
                "shielded_instance_config": [],
                "spot": false,
                "tags": [
                  "gke-node",
                  "k8sproject-378311-gke"
                ],
                "taint": [],
                "workload_metadata_config": []
              }
            ],
            "node_count": 2,
            "node_locations": [],
            "operation": null,
            "project": null,
            "timeouts": null,
            "upgrade_settings": null,
            "version": null
          },
          "sensitive_attributes": [],
          "private": "eyJlMmJmYjczMC1lY2FhLTExZTYtOGY4OC0zNDM2M2JjN2M0YzAiOnsiY3JlYXRlIjoxODAwMDAwMDAwMDAwLCJkZWxldGUiOjE4MDAwMDAwMDAwMDAsInVwZGF0ZSI6MTgwMDAwMDAwMDAwMH0sInNjaGVtYV92ZXJzaW9uIjoiMSJ9",
          "dependencies": [
            "google_compute_network.vpc",
            "google_compute_subnetwork.subnet",
            "google_container_cluster.primary"
          ]
        }
      ]
    }
  ],
  "check_results": null
}
